
Microsoft Visual Studio Solution File, Format Version 12.00
# Visual Studio 2013
VisualStudioVersion = 12.0.21005.1
MinimumVisualStudioVersion = 10.0.40219.1
Project("{FAE04EC0-301F-11D3-BF4B-00C04F79EFBC}") = "FileInterface", "FileInterface\FileInterface.csproj", "{35FF1CD1-3A37-4568-B844-CB32E3CF6ED7}"
EndProject
Project("{FAE04EC0-301F-11D3-BF4B-00C04F79EFBC}") = "WCFServer", "WCFServer\WCFServer.csproj", "{A42B01FC-F682-4155-A798-C1FF66E1C2EB}"
	ProjectSection(ProjectDependencies) = postProject
		{35FF1CD1-3A37-4568-B844-CB32E3CF6ED7} = {35FF1CD1-3A37-4568-B844-CB32E3CF6ED7}
	EndProjectSection
EndProject
Project("{FAE04EC0-301F-11D3-BF4B-00C04F79EFBC}") = "WCFClient", "WCFClient\WCFClient.csproj", "{0B93D495-7C4A-49FB-9037-755958DB1FDC}"
EndProject
Project("{FAE04EC0-301F-11D3-BF4B-00C04F79EFBC}") = "ComputerInformation", "ComputerInformation\ComputerInformation.csproj", "{7CB7753E-A1EB-466A-9D5D-FB4659C41BA5}"
EndProject
Project("{FAE04EC0-301F-11D3-BF4B-00C04F79EFBC}") = "MyModel", "MyModel\MyModel.csproj", "{6A26C636-41C9-470A-9121-27F5C56B3BE4}"
EndProject
Global
	GlobalSection(SolutionConfigurationPlatforms) = preSolution
		Debug|Any CPU = Debug|Any CPU
		Release|Any CPU = Release|Any CPU
	EndGlobalSection
	GlobalSection(ProjectConfigurationPlatforms) = postSolution
		{35FF1CD1-3A37-4568-B844-CB32E3CF6ED7}.Debug|Any CPU.ActiveCfg = Debug|Any CPU
		{35FF1CD1-3A37-4568-B844-CB32E3CF6ED7}.Debug|Any CPU.Build.0 = Debug|Any CPU
		{35FF1CD1-3A37-4568-B844-CB32E3CF6ED7}.Release|Any CPU.ActiveCfg = Release|Any CPU
		{35FF1CD1-3A37-4568-B844-CB32E3CF6ED7}.Release|Any CPU.Build.0 = Release|Any CPU
		{A42B01FC-F682-4155-A798-C1FF66E1C2EB}.Debug|Any CPU.ActiveCfg = Debug|Any CPU
		{A42B01FC-F682-4155-A798-C1FF66E1C2EB}.Debug|Any CPU.Build.0 = Debug|Any CPU
		{A42B01FC-F682-4155-A798-C1FF66E1C2EB}.Release|Any CPU.ActiveCfg = Release|Any CPU
		{A42B01FC-F682-4155-A798-C1FF66E1C2EB}.Release|Any CPU.Build.0 = Release|Any CPU
		{0B93D495-7C4A-49FB-9037-755958DB1FDC}.Debug|Any CPU.ActiveCfg = Debug|Any CPU
		{0B93D495-7C4A-49FB-9037-755958DB1FDC}.Debug|Any CPU.Build.0 = Debug|Any CPU
		{0B93D495-7C4A-49FB-9037-755958DB1FDC}.Release|Any CPU.ActiveCfg = Release|Any CPU
		{0B93D495-7C4A-49FB-9037-755958DB1FDC}.Release|Any CPU.Build.0 = Release|Any CPU
		{7CB7753E-A1EB-466A-9D5D-FB4659C41BA5}.Debug|Any CPU.ActiveCfg = Debug|Any CPU
		{7CB7753E-A1EB-466A-9D5D-FB4659C41BA5}.Debug|Any CPU.Build.0 = Debug|Any CPU
		{7CB7753E-A1EB-466A-9D5D-FB4659C41BA5}.Release|Any CPU.ActiveCfg = Release|Any CPU
		{7CB7753E-A1EB-466A-9D5D-FB4659C41BA5}.Release|Any CPU.Build.0 = Release|Any CPU
		{6A26C636-41C9-470A-9121-27F5C56B3BE4}.Debug|Any CPU.ActiveCfg = Debug|Any CPU
		{6A26C636-41C9-470A-9121-27F5C56B3BE4}.Debug|Any CPU.Build.0 = Debug|Any CPU
		{6A26C636-41C9-470A-9121-27F5C56B3BE4}.Release|Any CPU.ActiveCfg = Release|Any CPU
		{6A26C636-41C9-470A-9121-27F5C56B3BE4}.Release|Any CPU.Build.0 = Release|Any CPU
	EndGlobalSection
	GlobalSection(SolutionProperties) = preSolution
		HideSolutionNode = FALSE
	EndGlobalSection
EndGlobal
